// !$*UTF8*$!
{
	archiveVersion = 1;
	classes = {
	};
	objectVersion = 46;
	objects = {

/* Begin PBXBuildFile section */
		01E8CED6AE08D8423ED652BD /* ofProtonect.cpp in Sources */ = {isa = PBXBuildFile; fileRef = 027861AA45B6668727D6EA22 /* ofProtonect.cpp */; };
		158F0F84884617BDB6D197ED /* Distance.cpp in Sources */ = {isa = PBXBuildFile; fileRef = 726BD5863065F7413BC64F38 /* Distance.cpp */; };
		15DB47228C9C852B86CDF752 /* Calibration.cpp in Sources */ = {isa = PBXBuildFile; fileRef = CD75F7CBDAA208E2CE179732 /* Calibration.cpp */; };
		17B2E63D22C42733F7F4053C /* Helpers.cpp in Sources */ = {isa = PBXBuildFile; fileRef = 3039C2721AB6C12738453948 /* Helpers.cpp */; };
		205B87445605CA6483769CDC /* Flow.cpp in Sources */ = {isa = PBXBuildFile; fileRef = A32458A21E5F7EEB49DADC76 /* Flow.cpp */; };
		2112380E5D5593B4415C3948 /* transfer_pool.cpp in Sources */ = {isa = PBXBuildFile; fileRef = 99590B055C63AAE1E10DF41F /* transfer_pool.cpp */; };
		2135C30ACBD737365CB76111 /* packet_pipeline.cpp in Sources */ = {isa = PBXBuildFile; fileRef = 6F031C13923AE591FAB8B0C8 /* packet_pipeline.cpp */; };
		2AB513EF150D0C1B22DA492D /* usb_control.cpp in Sources */ = {isa = PBXBuildFile; fileRef = 9F557FFD4D6DDF4189C5BAB7 /* usb_control.cpp */; };
		2F1B166CB4840C02658E7789 /* double_buffer.cpp in Sources */ = {isa = PBXBuildFile; fileRef = C9A15BB5F8852B4A9FE80AFF /* double_buffer.cpp */; };
		301851561E519A2497C4E102 /* ETF.cpp in Sources */ = {isa = PBXBuildFile; fileRef = E740241562F749A05272E1C7 /* ETF.cpp */; };
		3CEF8EC9A42D4A660D3AEDD5 /* resource.cpp in Sources */ = {isa = PBXBuildFile; fileRef = B954F4527B6C75FC51A3243E /* resource.cpp */; };
		4F3D9C67EBAD3627395F5D27 /* registration.cpp in Sources */ = {isa = PBXBuildFile; fileRef = E4129883382E5057506F05B0 /* registration.cpp */; };
		6458B08A168AE09687CBAB7A /* opengl_depth_packet_processor.cpp in Sources */ = {isa = PBXBuildFile; fileRef = C49FE26CEA6FADBDB80951AB /* opengl_depth_packet_processor.cpp */; };
		66C5DD892760789F24AC5358 /* logging.cpp in Sources */ = {isa = PBXBuildFile; fileRef = CE9CFAEADEA875657234B282 /* logging.cpp */; };
		6DCC9E8BFB0644C99C6F6BAD /* ofxKinectV2.cpp in Sources */ = {isa = PBXBuildFile; fileRef = D0E62A5848899A8265408273 /* ofxKinectV2.cpp */; };
		7008B5171B7E22A707D29496 /* command_transaction.cpp in Sources */ = {isa = PBXBuildFile; fileRef = 29E38A6AC78B5D573ED5DB9F /* command_transaction.cpp */; };
		7580B2C5B013AC882D425BA5 /* Kalman.cpp in Sources */ = {isa = PBXBuildFile; fileRef = 3E81B3BD681E25D37D369667 /* Kalman.cpp */; };
		77D7C33A9AFE9D7F89F21360 /* frame_listener_impl.cpp in Sources */ = {isa = PBXBuildFile; fileRef = D514C0EBF0EA01B68AC77810 /* frame_listener_impl.cpp */; };
		8026D4DC6CBB03BE372112C9 /* depth_packet_stream_parser.cpp in Sources */ = {isa = PBXBuildFile; fileRef = 6616899E2B8A6F79888CE06E /* depth_packet_stream_parser.cpp */; };
		8036B3970F848021B97A1AC5 /* ObjectFinder.cpp in Sources */ = {isa = PBXBuildFile; fileRef = 679F564F373651AED34E26FD /* ObjectFinder.cpp */; };
		820CC0DB1DCE865B00DD2484 /* libturbojpeg.0.dylib in Frameworks */ = {isa = PBXBuildFile; fileRef = 820CC0DA1DCE865B00DD2484 /* libturbojpeg.0.dylib */; };
		820CC1A81DCEADFA00DD2484 /* classifiers in CopyFiles */ = {isa = PBXBuildFile; fileRef = 820CC1A51DCEADFA00DD2484 /* classifiers */; };
		820CC1A91DCEADFA00DD2484 /* Hack-Regular.ttf in CopyFiles */ = {isa = PBXBuildFile; fileRef = 820CC1A61DCEADFA00DD2484 /* Hack-Regular.ttf */; };
		820CC1AA1DCEADFA00DD2484 /* model in CopyFiles */ = {isa = PBXBuildFile; fileRef = 820CC1A71DCEADFA00DD2484 /* model */; };
		82C39F9E1DCEB96100BDB3C0 /* libdlib.19.1.0.dylib in Frameworks */ = {isa = PBXBuildFile; fileRef = 82C39F9D1DCEB96100BDB3C0 /* libdlib.19.1.0.dylib */; };
		82D95CB61DCC723E002E563C /* libopencv_core.3.1.0.dylib in Frameworks */ = {isa = PBXBuildFile; fileRef = 82D95CB51DCC723E002E563C /* libopencv_core.3.1.0.dylib */; };
		82D95CB81DCC725F002E563C /* libLandmarkDetector.a in Frameworks */ = {isa = PBXBuildFile; fileRef = 82D95CB71DCC725F002E563C /* libLandmarkDetector.a */; };
		82D95CBA1DCC72A4002E563C /* libtbb.dylib in Frameworks */ = {isa = PBXBuildFile; fileRef = 82D95CB91DCC72A4002E563C /* libtbb.dylib */; };
		82D95CBC1DCC72C9002E563C /* libopencv_objdetect.3.1.0.dylib in Frameworks */ = {isa = PBXBuildFile; fileRef = 82D95CBB1DCC72C9002E563C /* libopencv_objdetect.3.1.0.dylib */; };
		82D95CC01DCC7307002E563C /* libopencv_imgproc.3.1.0.dylib in Frameworks */ = {isa = PBXBuildFile; fileRef = 82D95CBF1DCC7307002E563C /* libopencv_imgproc.3.1.0.dylib */; };
		82D95CC21DCC7329002E563C /* libopencv_calib3d.3.1.0.dylib in Frameworks */ = {isa = PBXBuildFile; fileRef = 82D95CC11DCC7329002E563C /* libopencv_calib3d.3.1.0.dylib */; };
		8A4D1AD79568DBE6AF02DB39 /* cpu_depth_packet_processor.cpp in Sources */ = {isa = PBXBuildFile; fileRef = DFE7447CE3B53A8D0F90D103 /* cpu_depth_packet_processor.cpp */; };
		8C8E2710648FA11B9DC9B167 /* ofRGBPacketProcessor.cpp in Sources */ = {isa = PBXBuildFile; fileRef = 178ACE64E679E9A2719CB355 /* ofRGBPacketProcessor.cpp */; };
		8D7C75D9EB4FC31A412121BF /* event_loop.cpp in Sources */ = {isa = PBXBuildFile; fileRef = 550D26C79D6B7895D6ABB584 /* event_loop.cpp */; };
		993E61889C46D973958ABAB8 /* rgb_packet_stream_parser.cpp in Sources */ = {isa = PBXBuildFile; fileRef = D987A5C347BC94343A3C92FC /* rgb_packet_stream_parser.cpp */; };
		9E46DF707DA368749CCCF617 /* libfreenect2.cpp in Sources */ = {isa = PBXBuildFile; fileRef = 9D37ED55997313544BBBFE9D /* libfreenect2.cpp */; };
		A3936888D0BFC5939F6416FC /* depth_packet_processor.cpp in Sources */ = {isa = PBXBuildFile; fileRef = 561046538347A9055AB516D9 /* depth_packet_processor.cpp */; };
		A3A087354EFEA8BF94B101E1 /* fdog.cpp in Sources */ = {isa = PBXBuildFile; fileRef = 7C8012B8CCFC957B24FADE08 /* fdog.cpp */; };
		A6A24E315B3390AA521A23E7 /* opencl_depth_packet_processor.cpp in Sources */ = {isa = PBXBuildFile; fileRef = A374B7263EEC966D52FE8994 /* opencl_depth_packet_processor.cpp */; };
		B3ACFAB69F9C4AC9F6E8577E /* OpenCL.framework in Frameworks */ = {isa = PBXBuildFile; fileRef = 35D32716F14E3E18BA93703F /* OpenCL.framework */; };
		B5EBF1F3A4FA4AF475084008 /* rgb_packet_processor.cpp in Sources */ = {isa = PBXBuildFile; fileRef = 54D7C1A3E1E9DF3FFEF25283 /* rgb_packet_processor.cpp */; };
		BB18EA69789B6CBCA40B6AEF /* ContourFinder.cpp in Sources */ = {isa = PBXBuildFile; fileRef = B51452C46CEFFDEC675DD0B9 /* ContourFinder.cpp */; };
		BF870AEBD849E82115026F64 /* flextGL.cpp in Sources */ = {isa = PBXBuildFile; fileRef = 42BD0116896021481CE4A31F /* flextGL.cpp */; };
		DC0FA398D1C3D71F963CCD9E /* Tracker.cpp in Sources */ = {isa = PBXBuildFile; fileRef = 644A0A5FA10542FA9740CE03 /* Tracker.cpp */; };
		DD644AF8B76F5ADCAF781929 /* RunningBackground.cpp in Sources */ = {isa = PBXBuildFile; fileRef = A46DF0A30273E355B7A0C904 /* RunningBackground.cpp */; };
		E4328149138ABC9F0047C5CB /* openFrameworksDebug.a in Frameworks */ = {isa = PBXBuildFile; fileRef = E4328148138ABC890047C5CB /* openFrameworksDebug.a */; };
		E4B69E200A3A1BDC003C02F2 /* main.cpp in Sources */ = {isa = PBXBuildFile; fileRef = E4B69E1D0A3A1BDC003C02F2 /* main.cpp */; };
		E4B69E210A3A1BDC003C02F2 /* ofApp.cpp in Sources */ = {isa = PBXBuildFile; fileRef = E4B69E1E0A3A1BDC003C02F2 /* ofApp.cpp */; };
		F0C07A618FF496A18408C205 /* Wrappers.cpp in Sources */ = {isa = PBXBuildFile; fileRef = DA8B189474650E1F92C3A68F /* Wrappers.cpp */; };
		F18E9EDFB746D18F6E2410DA /* Utilities.cpp in Sources */ = {isa = PBXBuildFile; fileRef = 21C99E4DBDA95CA0B238FF49 /* Utilities.cpp */; };
/* End PBXBuildFile section */

/* Begin PBXContainerItemProxy section */
		E4328147138ABC890047C5CB /* PBXContainerItemProxy */ = {
			isa = PBXContainerItemProxy;
			containerPortal = E4328143138ABC890047C5CB /* openFrameworksLib.xcodeproj */;
			proxyType = 2;
			remoteGlobalIDString = E4B27C1510CBEB8E00536013;
			remoteInfo = openFrameworks;
		};
		E4EEB9AB138B136A00A80321 /* PBXContainerItemProxy */ = {
			isa = PBXContainerItemProxy;
			containerPortal = E4328143138ABC890047C5CB /* openFrameworksLib.xcodeproj */;
			proxyType = 1;
			remoteGlobalIDString = E4B27C1410CBEB8E00536013;
			remoteInfo = openFrameworks;
		};
/* End PBXContainerItemProxy section */

/* Begin PBXCopyFilesBuildPhase section */
		E4C2427710CC5ABF004149E2 /* CopyFiles */ = {
			isa = PBXCopyFilesBuildPhase;
			buildActionMask = 2147483647;
			dstPath = "";
			dstSubfolderSpec = 7;
			files = (
				820CC1A81DCEADFA00DD2484 /* classifiers in CopyFiles */,
				820CC1A91DCEADFA00DD2484 /* Hack-Regular.ttf in CopyFiles */,
				820CC1AA1DCEADFA00DD2484 /* model in CopyFiles */,
			);
			runOnlyForDeploymentPostprocessing = 0;
		};
/* End PBXCopyFilesBuildPhase section */

/* Begin PBXFileReference section */
		017EAA74FF273F5939A29E09 /* command_transaction.h */ = {isa = PBXFileReference; explicitFileType = sourcecode.c.h; fileEncoding = 30; name = command_transaction.h; path = ../openFrameworks/addons/ofxKinectV2/libs/libfreenect2/include/internal/libfreenect2/protocol/command_transaction.h; sourceTree = SOURCE_ROOT; };
		027861AA45B6668727D6EA22 /* ofProtonect.cpp */ = {isa = PBXFileReference; explicitFileType = sourcecode.cpp.cpp; fileEncoding = 30; name = ofProtonect.cpp; path = ../openFrameworks/addons/ofxKinectV2/libs/protonect/ofProtonect.cpp; sourceTree = SOURCE_ROOT; };
		02E9567355AAC86A1319D9DF /* data_callback.h */ = {isa = PBXFileReference; explicitFileType = sourcecode.c.h; fileEncoding = 30; name = data_callback.h; path = ../openFrameworks/addons/ofxKinectV2/libs/libfreenect2/include/internal/libfreenect2/data_callback.h; sourceTree = SOURCE_ROOT; };
		087473E795CFA0D5E1B3CFDC /* command.h */ = {isa = PBXFileReference; explicitFileType = sourcecode.c.h; fileEncoding = 30; name = command.h; path = ../openFrameworks/addons/ofxKinectV2/libs/libfreenect2/include/internal/libfreenect2/protocol/command.h; sourceTree = SOURCE_ROOT; };
		0A6C9DDCD278BED0D04454F6 /* libusbi.h */ = {isa = PBXFileReference; explicitFileType = sourcecode.c.h; fileEncoding = 30; name = libusbi.h; path = ../openFrameworks/addons/ofxKinectV2/libs/libusb/include/libusb/libusbi.h; sourceTree = SOURCE_ROOT; };
		0D3D4FD74EFAA9CD1FA9F902 /* Tracker.h */ = {isa = PBXFileReference; explicitFileType = sourcecode.c.h; fileEncoding = 30; name = Tracker.h; path = ../openFrameworks/addons/ofxCv/libs/ofxCv/include/ofxCv/Tracker.h; sourceTree = SOURCE_ROOT; };
		178ACE64E679E9A2719CB355 /* ofRGBPacketProcessor.cpp */ = {isa = PBXFileReference; explicitFileType = sourcecode.cpp.cpp; fileEncoding = 30; name = ofRGBPacketProcessor.cpp; path = ../openFrameworks/addons/ofxKinectV2/libs/protonect/ofRGBPacketProcessor.cpp; sourceTree = SOURCE_ROOT; };
		1A7EEAC8AEE9F4104027FEC8 /* depth_packet_processor.h */ = {isa = PBXFileReference; explicitFileType = sourcecode.c.h; fileEncoding = 30; name = depth_packet_processor.h; path = ../openFrameworks/addons/ofxKinectV2/libs/libfreenect2/include/libfreenect2/depth_packet_processor.h; sourceTree = SOURCE_ROOT; };
		1EEF4EA16AE0CEAC10F97EF5 /* depth_packet_stream_parser.h */ = {isa = PBXFileReference; explicitFileType = sourcecode.c.h; fileEncoding = 30; name = depth_packet_stream_parser.h; path = ../openFrameworks/addons/ofxKinectV2/libs/libfreenect2/include/internal/libfreenect2/depth_packet_stream_parser.h; sourceTree = SOURCE_ROOT; };
		1F05B32102E2BBE9C95928D7 /* poll_posix.h */ = {isa = PBXFileReference; explicitFileType = sourcecode.c.h; fileEncoding = 30; name = poll_posix.h; path = ../openFrameworks/addons/ofxKinectV2/libs/libusb/include/libusb/os/poll_posix.h; sourceTree = SOURCE_ROOT; };
		21419BA9DBDFC06E3111DE59 /* rgb_packet_processor.h */ = {isa = PBXFileReference; explicitFileType = sourcecode.c.h; fileEncoding = 30; name = rgb_packet_processor.h; path = ../openFrameworks/addons/ofxKinectV2/libs/libfreenect2/include/libfreenect2/rgb_packet_processor.h; sourceTree = SOURCE_ROOT; };
		21C99E4DBDA95CA0B238FF49 /* Utilities.cpp */ = {isa = PBXFileReference; explicitFileType = sourcecode.cpp.cpp; fileEncoding = 30; name = Utilities.cpp; path = ../openFrameworks/addons/ofxCv/libs/ofxCv/src/Utilities.cpp; sourceTree = SOURCE_ROOT; };
		2609ACC87E9AE73D0003C46E /* ofRGBPacketProcessor.h */ = {isa = PBXFileReference; explicitFileType = sourcecode.c.h; fileEncoding = 30; name = ofRGBPacketProcessor.h; path = ../openFrameworks/addons/ofxKinectV2/libs/protonect/ofRGBPacketProcessor.h; sourceTree = SOURCE_ROOT; };
		267BAB085A222FF8DFE51578 /* config.h */ = {isa = PBXFileReference; explicitFileType = sourcecode.c.h; fileEncoding = 30; name = config.h; path = ../openFrameworks/addons/ofxKinectV2/libs/libfreenect2/include/libfreenect2/config.h; sourceTree = SOURCE_ROOT; };
		29E38A6AC78B5D573ED5DB9F /* command_transaction.cpp */ = {isa = PBXFileReference; explicitFileType = sourcecode.cpp.cpp; fileEncoding = 30; name = command_transaction.cpp; path = ../openFrameworks/addons/ofxKinectV2/libs/libfreenect2/src/command_transaction.cpp; sourceTree = SOURCE_ROOT; };
		2B9A62FF1909EE04FDA4D6C0 /* transfer_pool.h */ = {isa = PBXFileReference; explicitFileType = sourcecode.c.h; fileEncoding = 30; name = transfer_pool.h; path = ../openFrameworks/addons/ofxKinectV2/libs/libfreenect2/include/internal/libfreenect2/usb/transfer_pool.h; sourceTree = SOURCE_ROOT; };
		2F71F56A481371EF725A4D19 /* threading.h */ = {isa = PBXFileReference; explicitFileType = sourcecode.c.h; fileEncoding = 30; name = threading.h; path = ../openFrameworks/addons/ofxKinectV2/libs/libfreenect2/include/internal/libfreenect2/threading.h; sourceTree = SOURCE_ROOT; };
		3039C2721AB6C12738453948 /* Helpers.cpp */ = {isa = PBXFileReference; explicitFileType = sourcecode.cpp.cpp; fileEncoding = 30; name = Helpers.cpp; path = ../openFrameworks/addons/ofxCv/libs/ofxCv/src/Helpers.cpp; sourceTree = SOURCE_ROOT; };
		30EF6D7F66C0CA1B8DD8BBA8 /* cl.hpp */ = {isa = PBXFileReference; explicitFileType = sourcecode.c.h; fileEncoding = 30; name = cl.hpp; path = ../openFrameworks/addons/ofxKinectV2/libs/libfreenect2/include/internal/CL/cl.hpp; sourceTree = SOURCE_ROOT; };
		33FD5F3CA0D698A7CC1083C1 /* Wrappers.h */ = {isa = PBXFileReference; explicitFileType = sourcecode.c.h; fileEncoding = 30; name = Wrappers.h; path = ../openFrameworks/addons/ofxCv/libs/ofxCv/include/ofxCv/Wrappers.h; sourceTree = SOURCE_ROOT; };
		352ABE8238DCC1DE3AAFE40B /* frame_listener.hpp */ = {isa = PBXFileReference; explicitFileType = sourcecode.c.h; fileEncoding = 30; name = frame_listener.hpp; path = ../openFrameworks/addons/ofxKinectV2/libs/libfreenect2/include/libfreenect2/frame_listener.hpp; sourceTree = SOURCE_ROOT; };
		35D32716F14E3E18BA93703F /* OpenCL.framework */ = {isa = PBXFileReference; lastKnownFileType = wrapper.framework; name = OpenCL.framework; path = /System/Library/Frameworks/OpenCL.framework; sourceTree = "<group>"; };
		36189710671CCB5DC7D1913F /* Kalman.h */ = {isa = PBXFileReference; explicitFileType = sourcecode.c.h; fileEncoding = 30; name = Kalman.h; path = ../openFrameworks/addons/ofxCv/libs/ofxCv/include/ofxCv/Kalman.h; sourceTree = SOURCE_ROOT; };
		373D10637814A3383EA95AC4 /* myvec.h */ = {isa = PBXFileReference; explicitFileType = sourcecode.c.h; fileEncoding = 30; name = myvec.h; path = ../openFrameworks/addons/ofxCv/libs/CLD/include/CLD/myvec.h; sourceTree = SOURCE_ROOT; };
		3E81B3BD681E25D37D369667 /* Kalman.cpp */ = {isa = PBXFileReference; explicitFileType = sourcecode.cpp.cpp; fileEncoding = 30; name = Kalman.cpp; path = ../openFrameworks/addons/ofxCv/libs/ofxCv/src/Kalman.cpp; sourceTree = SOURCE_ROOT; };
		421059DAD5A1EEDB221398A0 /* logging.h */ = {isa = PBXFileReference; explicitFileType = sourcecode.c.h; fileEncoding = 30; name = logging.h; path = ../openFrameworks/addons/ofxKinectV2/libs/libfreenect2/include/internal/libfreenect2/logging.h; sourceTree = SOURCE_ROOT; };
		42BD0116896021481CE4A31F /* flextGL.cpp */ = {isa = PBXFileReference; explicitFileType = sourcecode.cpp.cpp; fileEncoding = 30; name = flextGL.cpp; path = ../openFrameworks/addons/ofxKinectV2/libs/libfreenect2/src/flextGL.cpp; sourceTree = SOURCE_ROOT; };
		44B615FC0E4D9443A9B68959 /* flextGL.h */ = {isa = PBXFileReference; explicitFileType = sourcecode.c.h; fileEncoding = 30; name = flextGL.h; path = ../openFrameworks/addons/ofxKinectV2/libs/libfreenect2/src/flextGL.h; sourceTree = SOURCE_ROOT; };
		469113F6400D5A8A0D34E80A /* RunningBackground.h */ = {isa = PBXFileReference; explicitFileType = sourcecode.c.h; fileEncoding = 30; name = RunningBackground.h; path = ../openFrameworks/addons/ofxCv/libs/ofxCv/include/ofxCv/RunningBackground.h; sourceTree = SOURCE_ROOT; };
		4AC27EB91E0180A202231BB3 /* Helpers.h */ = {isa = PBXFileReference; explicitFileType = sourcecode.c.h; fileEncoding = 30; name = Helpers.h; path = ../openFrameworks/addons/ofxCv/libs/ofxCv/include/ofxCv/Helpers.h; sourceTree = SOURCE_ROOT; };
		54D7C1A3E1E9DF3FFEF25283 /* rgb_packet_processor.cpp */ = {isa = PBXFileReference; explicitFileType = sourcecode.cpp.cpp; fileEncoding = 30; name = rgb_packet_processor.cpp; path = ../openFrameworks/addons/ofxKinectV2/libs/libfreenect2/src/rgb_packet_processor.cpp; sourceTree = SOURCE_ROOT; };
		550D26C79D6B7895D6ABB584 /* event_loop.cpp */ = {isa = PBXFileReference; explicitFileType = sourcecode.cpp.cpp; fileEncoding = 30; name = event_loop.cpp; path = ../openFrameworks/addons/ofxKinectV2/libs/libfreenect2/src/event_loop.cpp; sourceTree = SOURCE_ROOT; };
		561046538347A9055AB516D9 /* depth_packet_processor.cpp */ = {isa = PBXFileReference; explicitFileType = sourcecode.cpp.cpp; fileEncoding = 30; name = depth_packet_processor.cpp; path = ../openFrameworks/addons/ofxKinectV2/libs/libfreenect2/src/depth_packet_processor.cpp; sourceTree = SOURCE_ROOT; };
		644A0A5FA10542FA9740CE03 /* Tracker.cpp */ = {isa = PBXFileReference; explicitFileType = sourcecode.cpp.cpp; fileEncoding = 30; name = Tracker.cpp; path = ../openFrameworks/addons/ofxCv/libs/ofxCv/src/Tracker.cpp; sourceTree = SOURCE_ROOT; };
		6616899E2B8A6F79888CE06E /* depth_packet_stream_parser.cpp */ = {isa = PBXFileReference; explicitFileType = sourcecode.cpp.cpp; fileEncoding = 30; name = depth_packet_stream_parser.cpp; path = ../openFrameworks/addons/ofxKinectV2/libs/libfreenect2/src/depth_packet_stream_parser.cpp; sourceTree = SOURCE_ROOT; };
		679F564F373651AED34E26FD /* ObjectFinder.cpp */ = {isa = PBXFileReference; explicitFileType = sourcecode.cpp.cpp; fileEncoding = 30; name = ObjectFinder.cpp; path = ../openFrameworks/addons/ofxCv/libs/ofxCv/src/ObjectFinder.cpp; sourceTree = SOURCE_ROOT; };
		68720ADDC9D042407FAA4117 /* darwin_usb.h */ = {isa = PBXFileReference; explicitFileType = sourcecode.c.h; fileEncoding = 30; name = darwin_usb.h; path = ../openFrameworks/addons/ofxKinectV2/libs/libusb/include/libusb/os/darwin_usb.h; sourceTree = SOURCE_ROOT; };
		69695ABD062CF575BEF981F0 /* libfreenect2.hpp */ = {isa = PBXFileReference; explicitFileType = sourcecode.c.h; fileEncoding = 30; name = libfreenect2.hpp; path = ../openFrameworks/addons/ofxKinectV2/libs/libfreenect2/include/libfreenect2/libfreenect2.hpp; sourceTree = SOURCE_ROOT; };
		6F031C13923AE591FAB8B0C8 /* packet_pipeline.cpp */ = {isa = PBXFileReference; explicitFileType = sourcecode.cpp.cpp; fileEncoding = 30; name = packet_pipeline.cpp; path = ../openFrameworks/addons/ofxKinectV2/libs/libfreenect2/src/packet_pipeline.cpp; sourceTree = SOURCE_ROOT; };
		709E994F12003EAE68D37809 /* libusb.h */ = {isa = PBXFileReference; explicitFileType = sourcecode.c.h; fileEncoding = 30; name = libusb.h; path = ../openFrameworks/addons/ofxKinectV2/libs/libusb/include/libusb/libusb.h; sourceTree = SOURCE_ROOT; };
		726BD5863065F7413BC64F38 /* Distance.cpp */ = {isa = PBXFileReference; explicitFileType = sourcecode.cpp.cpp; fileEncoding = 30; name = Distance.cpp; path = ../openFrameworks/addons/ofxCv/libs/ofxCv/src/Distance.cpp; sourceTree = SOURCE_ROOT; };
		72DF5831EF40E622543716B1 /* Calibration.h */ = {isa = PBXFileReference; explicitFileType = sourcecode.c.h; fileEncoding = 30; name = Calibration.h; path = ../openFrameworks/addons/ofxCv/libs/ofxCv/include/ofxCv/Calibration.h; sourceTree = SOURCE_ROOT; };
		7642834F7F0E3D44A599BF8E /* usb_control.h */ = {isa = PBXFileReference; explicitFileType = sourcecode.c.h; fileEncoding = 30; name = usb_control.h; path = ../openFrameworks/addons/ofxKinectV2/libs/libfreenect2/include/internal/libfreenect2/protocol/usb_control.h; sourceTree = SOURCE_ROOT; };
		7923E4B046A65120ADF2AA85 /* resource.h */ = {isa = PBXFileReference; explicitFileType = sourcecode.c.h; fileEncoding = 30; name = resource.h; path = ../openFrameworks/addons/ofxKinectV2/libs/libfreenect2/include/internal/libfreenect2/resource.h; sourceTree = SOURCE_ROOT; };
		7C8012B8CCFC957B24FADE08 /* fdog.cpp */ = {isa = PBXFileReference; explicitFileType = sourcecode.cpp.cpp; fileEncoding = 30; name = fdog.cpp; path = ../openFrameworks/addons/ofxCv/libs/CLD/src/fdog.cpp; sourceTree = SOURCE_ROOT; };
		7CC681E75A1423CD178DFE4F /* ETF.h */ = {isa = PBXFileReference; explicitFileType = sourcecode.c.h; fileEncoding = 30; name = ETF.h; path = ../openFrameworks/addons/ofxCv/libs/CLD/include/CLD/ETF.h; sourceTree = SOURCE_ROOT; };
		7D8421EFA6D834D7FF72FEB4 /* windows_common.h */ = {isa = PBXFileReference; explicitFileType = sourcecode.c.h; fileEncoding = 30; name = windows_common.h; path = ../openFrameworks/addons/ofxKinectV2/libs/libusb/include/libusb/os/windows_common.h; sourceTree = SOURCE_ROOT; };
		7E9517082FD1BE6E74984BAE /* hotplug.h */ = {isa = PBXFileReference; explicitFileType = sourcecode.c.h; fileEncoding = 30; name = hotplug.h; path = ../openFrameworks/addons/ofxKinectV2/libs/libusb/include/libusb/hotplug.h; sourceTree = SOURCE_ROOT; };
		7F927977A66F92BF7B856F13 /* version_nano.h */ = {isa = PBXFileReference; explicitFileType = sourcecode.c.h; fileEncoding = 30; name = version_nano.h; path = ../openFrameworks/addons/ofxKinectV2/libs/libusb/include/libusb/version_nano.h; sourceTree = SOURCE_ROOT; };
		820CC0DA1DCE865B00DD2484 /* libturbojpeg.0.dylib */ = {isa = PBXFileReference; lastKnownFileType = "compiled.mach-o.dylib"; name = libturbojpeg.0.dylib; path = "../../../../usr/local/Cellar/jpeg-turbo/1.5.0/lib/libturbojpeg.0.dylib"; sourceTree = "<group>"; };
		820CC1A51DCEADFA00DD2484 /* classifiers */ = {isa = PBXFileReference; lastKnownFileType = folder; name = classifiers; path = resources/classifiers; sourceTree = "<group>"; };
		820CC1A61DCEADFA00DD2484 /* Hack-Regular.ttf */ = {isa = PBXFileReference; lastKnownFileType = file; name = "Hack-Regular.ttf"; path = "resources/Hack-Regular.ttf"; sourceTree = "<group>"; };
		820CC1A71DCEADFA00DD2484 /* model */ = {isa = PBXFileReference; lastKnownFileType = folder; name = model; path = resources/model; sourceTree = "<group>"; };
		82C39F9D1DCEB96100BDB3C0 /* libdlib.19.1.0.dylib */ = {isa = PBXFileReference; lastKnownFileType = "compiled.mach-o.dylib"; name = libdlib.19.1.0.dylib; path = ../../../../usr/local/Cellar/dlib/19.1_2/lib/libdlib.19.1.0.dylib; sourceTree = "<group>"; };
		82D95CB51DCC723E002E563C /* libopencv_core.3.1.0.dylib */ = {isa = PBXFileReference; lastKnownFileType = "compiled.mach-o.dylib"; name = libopencv_core.3.1.0.dylib; path = "../../../../usr/local/Cellar/opencv3/HEAD-6c12533_4/lib/libopencv_core.3.1.0.dylib"; sourceTree = "<group>"; };
		82D95CB71DCC725F002E563C /* libLandmarkDetector.a */ = {isa = PBXFileReference; lastKnownFileType = archive.ar; name = libLandmarkDetector.a; path = ../../../../usr/local/bin/libLandmarkDetector.a; sourceTree = "<group>"; };
		82D95CB91DCC72A4002E563C /* libtbb.dylib */ = {isa = PBXFileReference; lastKnownFileType = "compiled.mach-o.dylib"; name = libtbb.dylib; path = "../../../../usr/local/Cellar/tbb/4.4-20160916/lib/libtbb.dylib"; sourceTree = "<group>"; };
		82D95CBB1DCC72C9002E563C /* libopencv_objdetect.3.1.0.dylib */ = {isa = PBXFileReference; lastKnownFileType = "compiled.mach-o.dylib"; name = libopencv_objdetect.3.1.0.dylib; path = "../../../../usr/local/Cellar/opencv3/HEAD-6c12533_4/lib/libopencv_objdetect.3.1.0.dylib"; sourceTree = "<group>"; };
		82D95CBD1DCC72E4002E563C /* libdlib.a */ = {isa = PBXFileReference; lastKnownFileType = archive.ar; name = libdlib.a; path = lib/3rdParty/dlib/build/libdlib.a; sourceTree = "<group>"; };
		82D95CBF1DCC7307002E563C /* libopencv_imgproc.3.1.0.dylib */ = {isa = PBXFileReference; lastKnownFileType = "compiled.mach-o.dylib"; name = libopencv_imgproc.3.1.0.dylib; path = "../../../../usr/local/Cellar/opencv3/HEAD-6c12533_4/lib/libopencv_imgproc.3.1.0.dylib"; sourceTree = "<group>"; };
		82D95CC11DCC7329002E563C /* libopencv_calib3d.3.1.0.dylib */ = {isa = PBXFileReference; lastKnownFileType = "compiled.mach-o.dylib"; name = libopencv_calib3d.3.1.0.dylib; path = "../../../../usr/local/Cellar/opencv3/HEAD-6c12533_4/lib/libopencv_calib3d.3.1.0.dylib"; sourceTree = "<group>"; };
		89A24E27FC5CBEA77B1823B4 /* fdog.h */ = {isa = PBXFileReference; explicitFileType = sourcecode.c.h; fileEncoding = 30; name = fdog.h; path = ../openFrameworks/addons/ofxCv/libs/CLD/include/CLD/fdog.h; sourceTree = SOURCE_ROOT; };
		8AC26A61E6148DF88C535C4E /* Flow.h */ = {isa = PBXFileReference; explicitFileType = sourcecode.c.h; fileEncoding = 30; name = Flow.h; path = ../openFrameworks/addons/ofxCv/libs/ofxCv/include/ofxCv/Flow.h; sourceTree = SOURCE_ROOT; };
		8DEFFE4EDD753EF5C8FF8198 /* frame_listener_impl.h */ = {isa = PBXFileReference; explicitFileType = sourcecode.c.h; fileEncoding = 30; name = frame_listener_impl.h; path = ../openFrameworks/addons/ofxKinectV2/libs/libfreenect2/include/libfreenect2/frame_listener_impl.h; sourceTree = SOURCE_ROOT; };
		90576394954017E5F38E9911 /* threads_windows.h */ = {isa = PBXFileReference; explicitFileType = sourcecode.c.h; fileEncoding = 30; name = threads_windows.h; path = ../openFrameworks/addons/ofxKinectV2/libs/libusb/include/libusb/os/threads_windows.h; sourceTree = SOURCE_ROOT; };
		9369A990A99B83B4CAC8EA2C /* event_loop.h */ = {isa = PBXFileReference; explicitFileType = sourcecode.c.h; fileEncoding = 30; name = event_loop.h; path = ../openFrameworks/addons/ofxKinectV2/libs/libfreenect2/include/internal/libfreenect2/usb/event_loop.h; sourceTree = SOURCE_ROOT; };
		938A0A8255B1CA72FE9AF3D4 /* version.h */ = {isa = PBXFileReference; explicitFileType = sourcecode.c.h; fileEncoding = 30; name = version.h; path = ../openFrameworks/addons/ofxKinectV2/libs/libusb/include/libusb/version.h; sourceTree = SOURCE_ROOT; };
		9533B87317564D1F72074245 /* ContourFinder.h */ = {isa = PBXFileReference; explicitFileType = sourcecode.c.h; fileEncoding = 30; name = ContourFinder.h; path = ../openFrameworks/addons/ofxCv/libs/ofxCv/include/ofxCv/ContourFinder.h; sourceTree = SOURCE_ROOT; };
		99590B055C63AAE1E10DF41F /* transfer_pool.cpp */ = {isa = PBXFileReference; explicitFileType = sourcecode.cpp.cpp; fileEncoding = 30; name = transfer_pool.cpp; path = ../openFrameworks/addons/ofxKinectV2/libs/libfreenect2/src/transfer_pool.cpp; sourceTree = SOURCE_ROOT; };
		9D37ED55997313544BBBFE9D /* libfreenect2.cpp */ = {isa = PBXFileReference; explicitFileType = sourcecode.cpp.cpp; fileEncoding = 30; name = libfreenect2.cpp; path = ../openFrameworks/addons/ofxKinectV2/libs/libfreenect2/src/libfreenect2.cpp; sourceTree = SOURCE_ROOT; };
		9F557FFD4D6DDF4189C5BAB7 /* usb_control.cpp */ = {isa = PBXFileReference; explicitFileType = sourcecode.cpp.cpp; fileEncoding = 30; name = usb_control.cpp; path = ../openFrameworks/addons/ofxKinectV2/libs/libfreenect2/src/usb_control.cpp; sourceTree = SOURCE_ROOT; };
		A32458A21E5F7EEB49DADC76 /* Flow.cpp */ = {isa = PBXFileReference; explicitFileType = sourcecode.cpp.cpp; fileEncoding = 30; name = Flow.cpp; path = ../openFrameworks/addons/ofxCv/libs/ofxCv/src/Flow.cpp; sourceTree = SOURCE_ROOT; };
		A374B7263EEC966D52FE8994 /* opencl_depth_packet_processor.cpp */ = {isa = PBXFileReference; explicitFileType = sourcecode.cpp.cpp; fileEncoding = 30; name = opencl_depth_packet_processor.cpp; path = ../openFrameworks/addons/ofxKinectV2/libs/libfreenect2/src/opencl_depth_packet_processor.cpp; sourceTree = SOURCE_ROOT; };
		A46DF0A30273E355B7A0C904 /* RunningBackground.cpp */ = {isa = PBXFileReference; explicitFileType = sourcecode.cpp.cpp; fileEncoding = 30; name = RunningBackground.cpp; path = ../openFrameworks/addons/ofxCv/libs/ofxCv/src/RunningBackground.cpp; sourceTree = SOURCE_ROOT; };
		A68DD3DF618FD18CFC655CE1 /* poll_windows.h */ = {isa = PBXFileReference; explicitFileType = sourcecode.c.h; fileEncoding = 30; name = poll_windows.h; path = ../openFrameworks/addons/ofxKinectV2/libs/libusb/include/libusb/os/poll_windows.h; sourceTree = SOURCE_ROOT; };
		B1EA7BBD08E753D0E9C6D886 /* logger.h */ = {isa = PBXFileReference; explicitFileType = sourcecode.c.h; fileEncoding = 30; name = logger.h; path = ../openFrameworks/addons/ofxKinectV2/libs/libfreenect2/include/libfreenect2/logger.h; sourceTree = SOURCE_ROOT; };
		B34A2D23CED0539DBDC79575 /* threads_posix.h */ = {isa = PBXFileReference; explicitFileType = sourcecode.c.h; fileEncoding = 30; name = threads_posix.h; path = ../openFrameworks/addons/ofxKinectV2/libs/libusb/include/libusb/os/threads_posix.h; sourceTree = SOURCE_ROOT; };
		B4DC75D85D33325B71AD4775 /* ofxCv.h */ = {isa = PBXFileReference; explicitFileType = sourcecode.c.h; fileEncoding = 30; name = ofxCv.h; path = ../openFrameworks/addons/ofxCv/src/ofxCv.h; sourceTree = SOURCE_ROOT; };
		B51452C46CEFFDEC675DD0B9 /* ContourFinder.cpp */ = {isa = PBXFileReference; explicitFileType = sourcecode.cpp.cpp; fileEncoding = 30; name = ContourFinder.cpp; path = ../openFrameworks/addons/ofxCv/libs/ofxCv/src/ContourFinder.cpp; sourceTree = SOURCE_ROOT; };
		B954F4527B6C75FC51A3243E /* resource.cpp */ = {isa = PBXFileReference; explicitFileType = sourcecode.cpp.cpp; fileEncoding = 30; name = resource.cpp; path = ../openFrameworks/addons/ofxKinectV2/libs/libfreenect2/src/resource.cpp; sourceTree = SOURCE_ROOT; };
		BC35452D9236E63ADA277171 /* registration.h */ = {isa = PBXFileReference; explicitFileType = sourcecode.c.h; fileEncoding = 30; name = registration.h; path = ../openFrameworks/addons/ofxKinectV2/libs/libfreenect2/include/libfreenect2/registration.h; sourceTree = SOURCE_ROOT; };
		C1203F76D1E52F4CC320DFBC /* rgb_packet_stream_parser.h */ = {isa = PBXFileReference; explicitFileType = sourcecode.c.h; fileEncoding = 30; name = rgb_packet_stream_parser.h; path = ../openFrameworks/addons/ofxKinectV2/libs/libfreenect2/include/internal/libfreenect2/rgb_packet_stream_parser.h; sourceTree = SOURCE_ROOT; };
		C49FE26CEA6FADBDB80951AB /* opengl_depth_packet_processor.cpp */ = {isa = PBXFileReference; explicitFileType = sourcecode.cpp.cpp; fileEncoding = 30; name = opengl_depth_packet_processor.cpp; path = ../openFrameworks/addons/ofxKinectV2/libs/libfreenect2/src/opengl_depth_packet_processor.cpp; sourceTree = SOURCE_ROOT; };
		C4E2AB41D395CDFBE3AA71F6 /* async_packet_processor.h */ = {isa = PBXFileReference; explicitFileType = sourcecode.c.h; fileEncoding = 30; name = async_packet_processor.h; path = ../openFrameworks/addons/ofxKinectV2/libs/libfreenect2/include/internal/libfreenect2/async_packet_processor.h; sourceTree = SOURCE_ROOT; };
		C867F365D568D95DE52E9E16 /* response.h */ = {isa = PBXFileReference; explicitFileType = sourcecode.c.h; fileEncoding = 30; name = response.h; path = ../openFrameworks/addons/ofxKinectV2/libs/libfreenect2/include/internal/libfreenect2/protocol/response.h; sourceTree = SOURCE_ROOT; };
		C9A15BB5F8852B4A9FE80AFF /* double_buffer.cpp */ = {isa = PBXFileReference; explicitFileType = sourcecode.cpp.cpp; fileEncoding = 30; name = double_buffer.cpp; path = ../openFrameworks/addons/ofxKinectV2/libs/libfreenect2/src/double_buffer.cpp; sourceTree = SOURCE_ROOT; };
		CD75F7CBDAA208E2CE179732 /* Calibration.cpp */ = {isa = PBXFileReference; explicitFileType = sourcecode.cpp.cpp; fileEncoding = 30; name = Calibration.cpp; path = ../openFrameworks/addons/ofxCv/libs/ofxCv/src/Calibration.cpp; sourceTree = SOURCE_ROOT; };
		CE9CFAEADEA875657234B282 /* logging.cpp */ = {isa = PBXFileReference; explicitFileType = sourcecode.cpp.cpp; fileEncoding = 30; name = logging.cpp; path = ../openFrameworks/addons/ofxKinectV2/libs/libfreenect2/src/logging.cpp; sourceTree = SOURCE_ROOT; };
		CF60E96FCCEF0936C98A84D8 /* ofProtonect.h */ = {isa = PBXFileReference; explicitFileType = sourcecode.c.h; fileEncoding = 30; name = ofProtonect.h; path = ../openFrameworks/addons/ofxKinectV2/libs/protonect/ofProtonect.h; sourceTree = SOURCE_ROOT; };
		CF825F4C72C417130DB670E8 /* packet_processor.h */ = {isa = PBXFileReference; explicitFileType = sourcecode.c.h; fileEncoding = 30; name = packet_processor.h; path = ../openFrameworks/addons/ofxKinectV2/libs/libfreenect2/include/libfreenect2/packet_processor.h; sourceTree = SOURCE_ROOT; };
		D057D09EAC6BC95404B470EB /* wince_usb.h */ = {isa = PBXFileReference; explicitFileType = sourcecode.c.h; fileEncoding = 30; name = wince_usb.h; path = ../openFrameworks/addons/ofxKinectV2/libs/libusb/include/libusb/os/wince_usb.h; sourceTree = SOURCE_ROOT; };
		D0E62A5848899A8265408273 /* ofxKinectV2.cpp */ = {isa = PBXFileReference; explicitFileType = sourcecode.cpp.cpp; fileEncoding = 30; name = ofxKinectV2.cpp; path = ../openFrameworks/addons/ofxKinectV2/src/ofxKinectV2.cpp; sourceTree = SOURCE_ROOT; };
		D1A21975813A0E87BDC7E8E0 /* linux_usbfs.h */ = {isa = PBXFileReference; explicitFileType = sourcecode.c.h; fileEncoding = 30; name = linux_usbfs.h; path = ../openFrameworks/addons/ofxKinectV2/libs/libusb/include/libusb/os/linux_usbfs.h; sourceTree = SOURCE_ROOT; };
		D2820F054FD8906E7B4C2663 /* ofxKinectV2.h */ = {isa = PBXFileReference; explicitFileType = sourcecode.c.h; fileEncoding = 30; name = ofxKinectV2.h; path = ../openFrameworks/addons/ofxKinectV2/src/ofxKinectV2.h; sourceTree = SOURCE_ROOT; };
		D514C0EBF0EA01B68AC77810 /* frame_listener_impl.cpp */ = {isa = PBXFileReference; explicitFileType = sourcecode.cpp.cpp; fileEncoding = 30; name = frame_listener_impl.cpp; path = ../openFrameworks/addons/ofxKinectV2/libs/libfreenect2/src/frame_listener_impl.cpp; sourceTree = SOURCE_ROOT; };
		D52A43D7DFBB2BCB3BD46DCD /* double_buffer.h */ = {isa = PBXFileReference; explicitFileType = sourcecode.c.h; fileEncoding = 30; name = double_buffer.h; path = ../openFrameworks/addons/ofxKinectV2/libs/libfreenect2/include/internal/libfreenect2/double_buffer.h; sourceTree = SOURCE_ROOT; };
		D987A5C347BC94343A3C92FC /* rgb_packet_stream_parser.cpp */ = {isa = PBXFileReference; explicitFileType = sourcecode.cpp.cpp; fileEncoding = 30; name = rgb_packet_stream_parser.cpp; path = ../openFrameworks/addons/ofxKinectV2/libs/libfreenect2/src/rgb_packet_stream_parser.cpp; sourceTree = SOURCE_ROOT; };
		DA08967B80D965D39492C23D /* packet_pipeline.h */ = {isa = PBXFileReference; explicitFileType = sourcecode.c.h; fileEncoding = 30; name = packet_pipeline.h; path = ../openFrameworks/addons/ofxKinectV2/libs/libfreenect2/include/libfreenect2/packet_pipeline.h; sourceTree = SOURCE_ROOT; };
		DA8B189474650E1F92C3A68F /* Wrappers.cpp */ = {isa = PBXFileReference; explicitFileType = sourcecode.cpp.cpp; fileEncoding = 30; name = Wrappers.cpp; path = ../openFrameworks/addons/ofxCv/libs/ofxCv/src/Wrappers.cpp; sourceTree = SOURCE_ROOT; };
		DA97853AAFAAEF7C74F8267D /* Distance.h */ = {isa = PBXFileReference; explicitFileType = sourcecode.c.h; fileEncoding = 30; name = Distance.h; path = ../openFrameworks/addons/ofxCv/libs/ofxCv/include/ofxCv/Distance.h; sourceTree = SOURCE_ROOT; };
		DB9B79CBEA5EB702271E2954 /* Utilities.h */ = {isa = PBXFileReference; explicitFileType = sourcecode.c.h; fileEncoding = 30; name = Utilities.h; path = ../openFrameworks/addons/ofxCv/libs/ofxCv/include/ofxCv/Utilities.h; sourceTree = SOURCE_ROOT; };
		DFE7447CE3B53A8D0F90D103 /* cpu_depth_packet_processor.cpp */ = {isa = PBXFileReference; explicitFileType = sourcecode.cpp.cpp; fileEncoding = 30; name = cpu_depth_packet_processor.cpp; path = ../openFrameworks/addons/ofxKinectV2/libs/libfreenect2/src/cpu_depth_packet_processor.cpp; sourceTree = SOURCE_ROOT; };
		E4129883382E5057506F05B0 /* registration.cpp */ = {isa = PBXFileReference; explicitFileType = sourcecode.cpp.cpp; fileEncoding = 30; name = registration.cpp; path = ../openFrameworks/addons/ofxKinectV2/libs/libfreenect2/src/registration.cpp; sourceTree = SOURCE_ROOT; };
		E4328143138ABC890047C5CB /* openFrameworksLib.xcodeproj */ = {isa = PBXFileReference; lastKnownFileType = "wrapper.pb-project"; name = openFrameworksLib.xcodeproj; path = ../openFrameworks/libs/openFrameworksCompiled/project/osx/openFrameworksLib.xcodeproj; sourceTree = SOURCE_ROOT; };
		E4B69B5B0A3A1756003C02F2 /* ClassDemoDebug.app */ = {isa = PBXFileReference; explicitFileType = wrapper.application; includeInIndex = 0; path = ClassDemoDebug.app; sourceTree = BUILT_PRODUCTS_DIR; };
		E4B69E1D0A3A1BDC003C02F2 /* main.cpp */ = {isa = PBXFileReference; fileEncoding = 30; lastKnownFileType = sourcecode.cpp.cpp; name = main.cpp; path = src/main.cpp; sourceTree = SOURCE_ROOT; };
		E4B69E1E0A3A1BDC003C02F2 /* ofApp.cpp */ = {isa = PBXFileReference; explicitFileType = sourcecode.cpp.cpp; fileEncoding = 30; name = ofApp.cpp; path = src/ofApp.cpp; sourceTree = SOURCE_ROOT; };
		E4B69E1F0A3A1BDC003C02F2 /* ofApp.h */ = {isa = PBXFileReference; fileEncoding = 30; lastKnownFileType = sourcecode.c.h; name = ofApp.h; path = src/ofApp.h; sourceTree = SOURCE_ROOT; };
		E4B6FCAD0C3E899E008CF71C /* openFrameworks-Info.plist */ = {isa = PBXFileReference; fileEncoding = 30; lastKnownFileType = text.plist.xml; path = "openFrameworks-Info.plist"; sourceTree = "<group>"; };
		E4EB691F138AFCF100A09F29 /* CoreOF.xcconfig */ = {isa = PBXFileReference; fileEncoding = 4; lastKnownFileType = text.xcconfig; name = CoreOF.xcconfig; path = ../openFrameworks/libs/openFrameworksCompiled/project/osx/CoreOF.xcconfig; sourceTree = SOURCE_ROOT; };
		E4EB6923138AFD0F00A09F29 /* Project.xcconfig */ = {isa = PBXFileReference; fileEncoding = 4; lastKnownFileType = text.xcconfig; path = Project.xcconfig; sourceTree = "<group>"; };
		E740241562F749A05272E1C7 /* ETF.cpp */ = {isa = PBXFileReference; explicitFileType = sourcecode.cpp.cpp; fileEncoding = 30; name = ETF.cpp; path = ../openFrameworks/addons/ofxCv/libs/CLD/src/ETF.cpp; sourceTree = SOURCE_ROOT; };
		F62B96871824211F10DF2A96 /* ObjectFinder.h */ = {isa = PBXFileReference; explicitFileType = sourcecode.c.h; fileEncoding = 30; name = ObjectFinder.h; path = ../openFrameworks/addons/ofxCv/libs/ofxCv/include/ofxCv/ObjectFinder.h; sourceTree = SOURCE_ROOT; };
		F70CE2C88295502DBDC14288 /* imatrix.h */ = {isa = PBXFileReference; explicitFileType = sourcecode.c.h; fileEncoding = 30; name = imatrix.h; path = ../openFrameworks/addons/ofxCv/libs/CLD/include/CLD/imatrix.h; sourceTree = SOURCE_ROOT; };
		FC66FFE6B68B1E585F0C1FD7 /* windows_usb.h */ = {isa = PBXFileReference; explicitFileType = sourcecode.c.h; fileEncoding = 30; name = windows_usb.h; path = ../openFrameworks/addons/ofxKinectV2/libs/libusb/include/libusb/os/windows_usb.h; sourceTree = SOURCE_ROOT; };
/* End PBXFileReference section */

/* Begin PBXFrameworksBuildPhase section */
		E4B69B590A3A1756003C02F2 /* Frameworks */ = {
			isa = PBXFrameworksBuildPhase;
			buildActionMask = 2147483647;
			files = (
				82C39F9E1DCEB96100BDB3C0 /* libdlib.19.1.0.dylib in Frameworks */,
				820CC0DB1DCE865B00DD2484 /* libturbojpeg.0.dylib in Frameworks */,
				82D95CC21DCC7329002E563C /* libopencv_calib3d.3.1.0.dylib in Frameworks */,
				82D95CC01DCC7307002E563C /* libopencv_imgproc.3.1.0.dylib in Frameworks */,
				82D95CBC1DCC72C9002E563C /* libopencv_objdetect.3.1.0.dylib in Frameworks */,
				82D95CB61DCC723E002E563C /* libopencv_core.3.1.0.dylib in Frameworks */,
				82D95CBA1DCC72A4002E563C /* libtbb.dylib in Frameworks */,
				82D95CB81DCC725F002E563C /* libLandmarkDetector.a in Frameworks */,
				E4328149138ABC9F0047C5CB /* openFrameworksDebug.a in Frameworks */,
				B3ACFAB69F9C4AC9F6E8577E /* OpenCL.framework in Frameworks */,
			);
			runOnlyForDeploymentPostprocessing = 0;
		};
/* End PBXFrameworksBuildPhase section */

/* Begin PBXGroup section */
		13C72B31738CA9F68523CB1C /* include */ = {
			isa = PBXGroup;
			children = (
				4EB038C7DF921AA8A4070286 /* ofxCv */,
			);
			name = include;
			sourceTree = "<group>";
		};
		23376D672010D279B0029732 /* include */ = {
			isa = PBXGroup;
			children = (
				F4B930A504634EC70F9E2B4D /* internal */,
				7359D1E1E75CE4ACFB9C3F70 /* libfreenect2 */,
			);
			name = include;
			sourceTree = "<group>";
		};
		254642DD627BEA55DF50B99F /* src */ = {
			isa = PBXGroup;
			children = (
				D0E62A5848899A8265408273 /* ofxKinectV2.cpp */,
				D2820F054FD8906E7B4C2663 /* ofxKinectV2.h */,
			);
			name = src;
			sourceTree = "<group>";
		};
		2E8C8C57A16399C4952C6D48 /* src */ = {
			isa = PBXGroup;
			children = (
				29E38A6AC78B5D573ED5DB9F /* command_transaction.cpp */,
				DFE7447CE3B53A8D0F90D103 /* cpu_depth_packet_processor.cpp */,
				561046538347A9055AB516D9 /* depth_packet_processor.cpp */,
				6616899E2B8A6F79888CE06E /* depth_packet_stream_parser.cpp */,
				C9A15BB5F8852B4A9FE80AFF /* double_buffer.cpp */,
				550D26C79D6B7895D6ABB584 /* event_loop.cpp */,
				42BD0116896021481CE4A31F /* flextGL.cpp */,
				44B615FC0E4D9443A9B68959 /* flextGL.h */,
				D514C0EBF0EA01B68AC77810 /* frame_listener_impl.cpp */,
				9D37ED55997313544BBBFE9D /* libfreenect2.cpp */,
				CE9CFAEADEA875657234B282 /* logging.cpp */,
				A374B7263EEC966D52FE8994 /* opencl_depth_packet_processor.cpp */,
				C49FE26CEA6FADBDB80951AB /* opengl_depth_packet_processor.cpp */,
				6F031C13923AE591FAB8B0C8 /* packet_pipeline.cpp */,
				E4129883382E5057506F05B0 /* registration.cpp */,
				B954F4527B6C75FC51A3243E /* resource.cpp */,
				54D7C1A3E1E9DF3FFEF25283 /* rgb_packet_processor.cpp */,
				D987A5C347BC94343A3C92FC /* rgb_packet_stream_parser.cpp */,
				99590B055C63AAE1E10DF41F /* transfer_pool.cpp */,
				9F557FFD4D6DDF4189C5BAB7 /* usb_control.cpp */,
			);
			name = src;
			sourceTree = "<group>";
		};
		34F26CA0CA6D56814F67E902 /* frameworks */ = {
			isa = PBXGroup;
			children = (
				35D32716F14E3E18BA93703F /* OpenCL.framework */,
			);
			name = frameworks;
			sourceTree = "<group>";
		};
		37CF39B443ACB0F86B1351ED /* src */ = {
			isa = PBXGroup;
			children = (
				E740241562F749A05272E1C7 /* ETF.cpp */,
				7C8012B8CCFC957B24FADE08 /* fdog.cpp */,
			);
			name = src;
			sourceTree = "<group>";
		};
		39A73FDEE0BE65D41C19364C /* libusb */ = {
			isa = PBXGroup;
			children = (
				FD08E51AD6BE952E921D8AC4 /* include */,
			);
			name = libusb;
			sourceTree = "<group>";
		};
		45591C11B7434576DF6996B4 /* include */ = {
			isa = PBXGroup;
			children = (
				FEA273413D5AFD9607F56ABE /* CLD */,
			);
			name = include;
			sourceTree = "<group>";
		};
		4EB038C7DF921AA8A4070286 /* ofxCv */ = {
			isa = PBXGroup;
			children = (
				72DF5831EF40E622543716B1 /* Calibration.h */,
				9533B87317564D1F72074245 /* ContourFinder.h */,
				DA97853AAFAAEF7C74F8267D /* Distance.h */,
				8AC26A61E6148DF88C535C4E /* Flow.h */,
				4AC27EB91E0180A202231BB3 /* Helpers.h */,
				36189710671CCB5DC7D1913F /* Kalman.h */,
				F62B96871824211F10DF2A96 /* ObjectFinder.h */,
				469113F6400D5A8A0D34E80A /* RunningBackground.h */,
				0D3D4FD74EFAA9CD1FA9F902 /* Tracker.h */,
				DB9B79CBEA5EB702271E2954 /* Utilities.h */,
				33FD5F3CA0D698A7CC1083C1 /* Wrappers.h */,
			);
			name = ofxCv;
			sourceTree = "<group>";
		};
		51B18D5C6D2113D66F01BDA9 /* libusb */ = {
			isa = PBXGroup;
			children = (
				7E9517082FD1BE6E74984BAE /* hotplug.h */,
				709E994F12003EAE68D37809 /* libusb.h */,
				0A6C9DDCD278BED0D04454F6 /* libusbi.h */,
				690CC895FD2739DA5ED1C8D2 /* os */,
				938A0A8255B1CA72FE9AF3D4 /* version.h */,
				7F927977A66F92BF7B856F13 /* version_nano.h */,
			);
			name = libusb;
			sourceTree = "<group>";
		};
		6025FAF6414C2CA589764D26 /* ofxCv */ = {
			isa = PBXGroup;
			children = (
				873F2BD1A608B2DE7BC81AFB /* src */,
				90D509C72729D1998E28A98F /* libs */,
			);
			name = ofxCv;
			sourceTree = "<group>";
		};
		690CC895FD2739DA5ED1C8D2 /* os */ = {
			isa = PBXGroup;
			children = (
				68720ADDC9D042407FAA4117 /* darwin_usb.h */,
				D1A21975813A0E87BDC7E8E0 /* linux_usbfs.h */,
				1F05B32102E2BBE9C95928D7 /* poll_posix.h */,
				A68DD3DF618FD18CFC655CE1 /* poll_windows.h */,
				B34A2D23CED0539DBDC79575 /* threads_posix.h */,
				90576394954017E5F38E9911 /* threads_windows.h */,
				D057D09EAC6BC95404B470EB /* wince_usb.h */,
				7D8421EFA6D834D7FF72FEB4 /* windows_common.h */,
				FC66FFE6B68B1E585F0C1FD7 /* windows_usb.h */,
			);
			name = os;
			sourceTree = "<group>";
		};
		6948EE371B920CB800B5AC1A /* local_addons */ = {
			isa = PBXGroup;
			children = (
			);
			name = local_addons;
			sourceTree = "<group>";
		};
		7359D1E1E75CE4ACFB9C3F70 /* libfreenect2 */ = {
			isa = PBXGroup;
			children = (
				267BAB085A222FF8DFE51578 /* config.h */,
				1A7EEAC8AEE9F4104027FEC8 /* depth_packet_processor.h */,
				352ABE8238DCC1DE3AAFE40B /* frame_listener.hpp */,
				8DEFFE4EDD753EF5C8FF8198 /* frame_listener_impl.h */,
				69695ABD062CF575BEF981F0 /* libfreenect2.hpp */,
				B1EA7BBD08E753D0E9C6D886 /* logger.h */,
				DA08967B80D965D39492C23D /* packet_pipeline.h */,
				CF825F4C72C417130DB670E8 /* packet_processor.h */,
				BC35452D9236E63ADA277171 /* registration.h */,
				21419BA9DBDFC06E3111DE59 /* rgb_packet_processor.h */,
			);
			name = libfreenect2;
			sourceTree = "<group>";
		};
		7CC1E591490DB083FB916812 /* CLD */ = {
			isa = PBXGroup;
			children = (
				45591C11B7434576DF6996B4 /* include */,
				37CF39B443ACB0F86B1351ED /* src */,
			);
			name = CLD;
			sourceTree = "<group>";
		};
		820CC1AB1DCEAE0600DD2484 /* Resources */ = {
			isa = PBXGroup;
			children = (
				820CC1A51DCEADFA00DD2484 /* classifiers */,
				820CC1A61DCEADFA00DD2484 /* Hack-Regular.ttf */,
				820CC1A71DCEADFA00DD2484 /* model */,
			);
			name = Resources;
			sourceTree = "<group>";
		};
		829924D1AFD56F167390B293 /* protonect */ = {
			isa = PBXGroup;
			children = (
				027861AA45B6668727D6EA22 /* ofProtonect.cpp */,
				CF60E96FCCEF0936C98A84D8 /* ofProtonect.h */,
				178ACE64E679E9A2719CB355 /* ofRGBPacketProcessor.cpp */,
				2609ACC87E9AE73D0003C46E /* ofRGBPacketProcessor.h */,
			);
			name = protonect;
			sourceTree = "<group>";
		};
		82D95CB41DCC723E002E563C /* Frameworks */ = {
			isa = PBXGroup;
			children = (
				82C39F9D1DCEB96100BDB3C0 /* libdlib.19.1.0.dylib */,
				820CC0DA1DCE865B00DD2484 /* libturbojpeg.0.dylib */,
				82D95CC11DCC7329002E563C /* libopencv_calib3d.3.1.0.dylib */,
				82D95CBF1DCC7307002E563C /* libopencv_imgproc.3.1.0.dylib */,
				82D95CBD1DCC72E4002E563C /* libdlib.a */,
				82D95CBB1DCC72C9002E563C /* libopencv_objdetect.3.1.0.dylib */,
				82D95CB91DCC72A4002E563C /* libtbb.dylib */,
				82D95CB71DCC725F002E563C /* libLandmarkDetector.a */,
				82D95CB51DCC723E002E563C /* libopencv_core.3.1.0.dylib */,
			);
			name = Frameworks;
			sourceTree = "<group>";
		};
		85961BEC127E2550AA7756C9 /* ofxCv */ = {
			isa = PBXGroup;
			children = (
				13C72B31738CA9F68523CB1C /* include */,
				D240A1DD1AE9F8E81BDBCD2B /* src */,
			);
			name = ofxCv;
			sourceTree = "<group>";
		};
		873F2BD1A608B2DE7BC81AFB /* src */ = {
			isa = PBXGroup;
			children = (
				B4DC75D85D33325B71AD4775 /* ofxCv.h */,
			);
			name = src;
			sourceTree = "<group>";
		};
		90D509C72729D1998E28A98F /* libs */ = {
			isa = PBXGroup;
			children = (
				7CC1E591490DB083FB916812 /* CLD */,
				85961BEC127E2550AA7756C9 /* ofxCv */,
			);
			name = libs;
			sourceTree = "<group>";
		};
		96AF7F99FBCF7189CD9CEA70 /* libfreenect2 */ = {
			isa = PBXGroup;
			children = (
				23376D672010D279B0029732 /* include */,
				2E8C8C57A16399C4952C6D48 /* src */,
			);
			name = libfreenect2;
			sourceTree = "<group>";
		};
		B3F1A3EBAB4324C5451FC9A3 /* ofxKinectV2 */ = {
			isa = PBXGroup;
			children = (
				254642DD627BEA55DF50B99F /* src */,
				D55200B6A433E7ACBCCD9E67 /* libs */,
				34F26CA0CA6D56814F67E902 /* frameworks */,
			);
			name = ofxKinectV2;
			sourceTree = "<group>";
		};
		B8CA9F875C36794505462CD9 /* usb */ = {
			isa = PBXGroup;
			children = (
				9369A990A99B83B4CAC8EA2C /* event_loop.h */,
				2B9A62FF1909EE04FDA4D6C0 /* transfer_pool.h */,
			);
			name = usb;
			sourceTree = "<group>";
		};
		BB4B014C10F69532006C3DED /* addons */ = {
			isa = PBXGroup;
			children = (
				6025FAF6414C2CA589764D26 /* ofxCv */,
				B3F1A3EBAB4324C5451FC9A3 /* ofxKinectV2 */,
			);
			name = addons;
			sourceTree = "<group>";
		};
		BCE08DBCDFC646E654DBBA43 /* libfreenect2 */ = {
			isa = PBXGroup;
			children = (
				C4E2AB41D395CDFBE3AA71F6 /* async_packet_processor.h */,
				02E9567355AAC86A1319D9DF /* data_callback.h */,
				1EEF4EA16AE0CEAC10F97EF5 /* depth_packet_stream_parser.h */,
				D52A43D7DFBB2BCB3BD46DCD /* double_buffer.h */,
				421059DAD5A1EEDB221398A0 /* logging.h */,
				CEE89B11EECA847C70B96681 /* protocol */,
				7923E4B046A65120ADF2AA85 /* resource.h */,
				C1203F76D1E52F4CC320DFBC /* rgb_packet_stream_parser.h */,
				2F71F56A481371EF725A4D19 /* threading.h */,
				B8CA9F875C36794505462CD9 /* usb */,
			);
			name = libfreenect2;
			sourceTree = "<group>";
		};
		C59019C2D7DB9B4CE411B771 /* CL */ = {
			isa = PBXGroup;
			children = (
				30EF6D7F66C0CA1B8DD8BBA8 /* cl.hpp */,
			);
			name = CL;
			sourceTree = "<group>";
		};
		CEE89B11EECA847C70B96681 /* protocol */ = {
			isa = PBXGroup;
			children = (
				087473E795CFA0D5E1B3CFDC /* command.h */,
				017EAA74FF273F5939A29E09 /* command_transaction.h */,
				C867F365D568D95DE52E9E16 /* response.h */,
				7642834F7F0E3D44A599BF8E /* usb_control.h */,
			);
			name = protocol;
			sourceTree = "<group>";
		};
		D240A1DD1AE9F8E81BDBCD2B /* src */ = {
			isa = PBXGroup;
			children = (
				CD75F7CBDAA208E2CE179732 /* Calibration.cpp */,
				B51452C46CEFFDEC675DD0B9 /* ContourFinder.cpp */,
				726BD5863065F7413BC64F38 /* Distance.cpp */,
				A32458A21E5F7EEB49DADC76 /* Flow.cpp */,
				3039C2721AB6C12738453948 /* Helpers.cpp */,
				3E81B3BD681E25D37D369667 /* Kalman.cpp */,
				679F564F373651AED34E26FD /* ObjectFinder.cpp */,
				A46DF0A30273E355B7A0C904 /* RunningBackground.cpp */,
				644A0A5FA10542FA9740CE03 /* Tracker.cpp */,
				21C99E4DBDA95CA0B238FF49 /* Utilities.cpp */,
				DA8B189474650E1F92C3A68F /* Wrappers.cpp */,
			);
			name = src;
			sourceTree = "<group>";
		};
		D55200B6A433E7ACBCCD9E67 /* libs */ = {
			isa = PBXGroup;
			children = (
				96AF7F99FBCF7189CD9CEA70 /* libfreenect2 */,
				39A73FDEE0BE65D41C19364C /* libusb */,
				829924D1AFD56F167390B293 /* protonect */,
			);
			name = libs;
			sourceTree = "<group>";
		};
		E4328144138ABC890047C5CB /* Products */ = {
			isa = PBXGroup;
			children = (
				E4328148138ABC890047C5CB /* openFrameworksDebug.a */,
			);
			name = Products;
			sourceTree = "<group>";
		};
		E4B69B4A0A3A1720003C02F2 = {
			isa = PBXGroup;
			children = (
				820CC1AB1DCEAE0600DD2484 /* Resources */,
				E4B6FCAD0C3E899E008CF71C /* openFrameworks-Info.plist */,
				E4EB6923138AFD0F00A09F29 /* Project.xcconfig */,
				E4B69E1C0A3A1BDC003C02F2 /* src */,
				E4EEC9E9138DF44700A80321 /* openFrameworks */,
				BB4B014C10F69532006C3DED /* addons */,
				6948EE371B920CB800B5AC1A /* local_addons */,
				E4B69B5B0A3A1756003C02F2 /* ClassDemoDebug.app */,
				82D95CB41DCC723E002E563C /* Frameworks */,
			);
			sourceTree = "<group>";
		};
		E4B69E1C0A3A1BDC003C02F2 /* src */ = {
			isa = PBXGroup;
			children = (
				E4B69E1D0A3A1BDC003C02F2 /* main.cpp */,
				E4B69E1E0A3A1BDC003C02F2 /* ofApp.cpp */,
				E4B69E1F0A3A1BDC003C02F2 /* ofApp.h */,
			);
			path = src;
			sourceTree = SOURCE_ROOT;
		};
		E4EEC9E9138DF44700A80321 /* openFrameworks */ = {
			isa = PBXGroup;
			children = (
				E4EB691F138AFCF100A09F29 /* CoreOF.xcconfig */,
				E4328143138ABC890047C5CB /* openFrameworksLib.xcodeproj */,
			);
			name = openFrameworks;
			sourceTree = "<group>";
		};
		F4B930A504634EC70F9E2B4D /* internal */ = {
			isa = PBXGroup;
			children = (
				C59019C2D7DB9B4CE411B771 /* CL */,
				BCE08DBCDFC646E654DBBA43 /* libfreenect2 */,
			);
			name = internal;
			sourceTree = "<group>";
		};
		FD08E51AD6BE952E921D8AC4 /* include */ = {
			isa = PBXGroup;
			children = (
				51B18D5C6D2113D66F01BDA9 /* libusb */,
			);
			name = include;
			sourceTree = "<group>";
		};
		FEA273413D5AFD9607F56ABE /* CLD */ = {
			isa = PBXGroup;
			children = (
				7CC681E75A1423CD178DFE4F /* ETF.h */,
				89A24E27FC5CBEA77B1823B4 /* fdog.h */,
				F70CE2C88295502DBDC14288 /* imatrix.h */,
				373D10637814A3383EA95AC4 /* myvec.h */,
			);
			name = CLD;
			sourceTree = "<group>";
		};
/* End PBXGroup section */

/* Begin PBXNativeTarget section */
		E4B69B5A0A3A1756003C02F2 /* ClassDemo */ = {
			isa = PBXNativeTarget;
			buildConfigurationList = E4B69B5F0A3A1757003C02F2 /* Build configuration list for PBXNativeTarget "ClassDemo" */;
			buildPhases = (
				E4B69B580A3A1756003C02F2 /* Sources */,
				E4B69B590A3A1756003C02F2 /* Frameworks */,
				E4B6FFFD0C3F9AB9008CF71C /* ShellScript */,
				E4C2427710CC5ABF004149E2 /* CopyFiles */,
			);
			buildRules = (
			);
			dependencies = (
				E4EEB9AC138B136A00A80321 /* PBXTargetDependency */,
			);
			name = ClassDemo;
			productName = myOFApp;
			productReference = E4B69B5B0A3A1756003C02F2 /* ClassDemoDebug.app */;
			productType = "com.apple.product-type.application";
		};
/* End PBXNativeTarget section */

/* Begin PBXProject section */
		E4B69B4C0A3A1720003C02F2 /* Project object */ = {
			isa = PBXProject;
			attributes = {
				LastUpgradeCheck = 0600;
			};
			buildConfigurationList = E4B69B4D0A3A1720003C02F2 /* Build configuration list for PBXProject "ClassDemo" */;
			compatibilityVersion = "Xcode 3.2";
			developmentRegion = English;
			hasScannedForEncodings = 0;
			knownRegions = (
				English,
				Japanese,
				French,
				German,
			);
			mainGroup = E4B69B4A0A3A1720003C02F2;
			productRefGroup = E4B69B4A0A3A1720003C02F2;
			projectDirPath = "";
			projectReferences = (
				{
					ProductGroup = E4328144138ABC890047C5CB /* Products */;
					ProjectRef = E4328143138ABC890047C5CB /* openFrameworksLib.xcodeproj */;
				},
			);
			projectRoot = "";
			targets = (
				E4B69B5A0A3A1756003C02F2 /* ClassDemo */,
			);
		};
/* End PBXProject section */

/* Begin PBXReferenceProxy section */
		E4328148138ABC890047C5CB /* openFrameworksDebug.a */ = {
			isa = PBXReferenceProxy;
			fileType = archive.ar;
			path = openFrameworksDebug.a;
			remoteRef = E4328147138ABC890047C5CB /* PBXContainerItemProxy */;
			sourceTree = BUILT_PRODUCTS_DIR;
		};
/* End PBXReferenceProxy section */

/* Begin PBXShellScriptBuildPhase section */
		E4B6FFFD0C3F9AB9008CF71C /* ShellScript */ = {
			isa = PBXShellScriptBuildPhase;
			buildActionMask = 2147483647;
			files = (
			);
			inputPaths = (
			);
			outputPaths = (
			);
			runOnlyForDeploymentPostprocessing = 0;
			shellPath = /bin/sh;
			shellScript = "mkdir -p \"$TARGET_BUILD_DIR/$PRODUCT_NAME.app/Contents/Resources/\"\n# Copy default icon file into App/Resources\nrsync -aved \"$ICON_FILE\" \"$TARGET_BUILD_DIR/$PRODUCT_NAME.app/Contents/Resources/\"\n# Copy libfmod and change install directory for fmod to run\nrsync -aved ../openFrameworks/libs/fmodex/lib/osx/libfmodex.dylib \"$TARGET_BUILD_DIR/$PRODUCT_NAME.app/Contents/Frameworks/\";\ninstall_name_tool -change @executable_path/libfmodex.dylib @executable_path/../Frameworks/libfmodex.dylib \"$TARGET_BUILD_DIR/$PRODUCT_NAME.app/Contents/MacOS/$PRODUCT_NAME\";\n# Copy GLUT framework (must remove for AppStore submissions)\nrsync -aved ../openFrameworks/libs/glut/lib/osx/GLUT.framework \"$TARGET_BUILD_DIR/$PRODUCT_NAME.app/Contents/Frameworks/\"\n";
		};
/* End PBXShellScriptBuildPhase section */

/* Begin PBXSourcesBuildPhase section */
		E4B69B580A3A1756003C02F2 /* Sources */ = {
			isa = PBXSourcesBuildPhase;
			buildActionMask = 2147483647;
			files = (
				E4B69E200A3A1BDC003C02F2 /* main.cpp in Sources */,
				E4B69E210A3A1BDC003C02F2 /* ofApp.cpp in Sources */,
				301851561E519A2497C4E102 /* ETF.cpp in Sources */,
				A3A087354EFEA8BF94B101E1 /* fdog.cpp in Sources */,
				15DB47228C9C852B86CDF752 /* Calibration.cpp in Sources */,
				BB18EA69789B6CBCA40B6AEF /* ContourFinder.cpp in Sources */,
				158F0F84884617BDB6D197ED /* Distance.cpp in Sources */,
				205B87445605CA6483769CDC /* Flow.cpp in Sources */,
				17B2E63D22C42733F7F4053C /* Helpers.cpp in Sources */,
				7580B2C5B013AC882D425BA5 /* Kalman.cpp in Sources */,
				8036B3970F848021B97A1AC5 /* ObjectFinder.cpp in Sources */,
				DD644AF8B76F5ADCAF781929 /* RunningBackground.cpp in Sources */,
				DC0FA398D1C3D71F963CCD9E /* Tracker.cpp in Sources */,
				F18E9EDFB746D18F6E2410DA /* Utilities.cpp in Sources */,
				F0C07A618FF496A18408C205 /* Wrappers.cpp in Sources */,
				6DCC9E8BFB0644C99C6F6BAD /* ofxKinectV2.cpp in Sources */,
				7008B5171B7E22A707D29496 /* command_transaction.cpp in Sources */,
				8A4D1AD79568DBE6AF02DB39 /* cpu_depth_packet_processor.cpp in Sources */,
				A3936888D0BFC5939F6416FC /* depth_packet_processor.cpp in Sources */,
				8026D4DC6CBB03BE372112C9 /* depth_packet_stream_parser.cpp in Sources */,
				2F1B166CB4840C02658E7789 /* double_buffer.cpp in Sources */,
				8D7C75D9EB4FC31A412121BF /* event_loop.cpp in Sources */,
				BF870AEBD849E82115026F64 /* flextGL.cpp in Sources */,
				77D7C33A9AFE9D7F89F21360 /* frame_listener_impl.cpp in Sources */,
				9E46DF707DA368749CCCF617 /* libfreenect2.cpp in Sources */,
				66C5DD892760789F24AC5358 /* logging.cpp in Sources */,
				A6A24E315B3390AA521A23E7 /* opencl_depth_packet_processor.cpp in Sources */,
				6458B08A168AE09687CBAB7A /* opengl_depth_packet_processor.cpp in Sources */,
				2135C30ACBD737365CB76111 /* packet_pipeline.cpp in Sources */,
				4F3D9C67EBAD3627395F5D27 /* registration.cpp in Sources */,
				3CEF8EC9A42D4A660D3AEDD5 /* resource.cpp in Sources */,
				B5EBF1F3A4FA4AF475084008 /* rgb_packet_processor.cpp in Sources */,
				993E61889C46D973958ABAB8 /* rgb_packet_stream_parser.cpp in Sources */,
				2112380E5D5593B4415C3948 /* transfer_pool.cpp in Sources */,
				2AB513EF150D0C1B22DA492D /* usb_control.cpp in Sources */,
				01E8CED6AE08D8423ED652BD /* ofProtonect.cpp in Sources */,
				8C8E2710648FA11B9DC9B167 /* ofRGBPacketProcessor.cpp in Sources */,
			);
			runOnlyForDeploymentPostprocessing = 0;
		};
/* End PBXSourcesBuildPhase section */

/* Begin PBXTargetDependency section */
		E4EEB9AC138B136A00A80321 /* PBXTargetDependency */ = {
			isa = PBXTargetDependency;
			name = openFrameworks;
			targetProxy = E4EEB9AB138B136A00A80321 /* PBXContainerItemProxy */;
		};
/* End PBXTargetDependency section */

/* Begin XCBuildConfiguration section */
		E4B69B4E0A3A1720003C02F2 /* Debug */ = {
			isa = XCBuildConfiguration;
			baseConfigurationReference = E4EB6923138AFD0F00A09F29 /* Project.xcconfig */;
			buildSettings = {
				CONFIGURATION_BUILD_DIR = "$(SRCROOT)/bin/";
				COPY_PHASE_STRIP = NO;
				DEAD_CODE_STRIPPING = YES;
				GCC_AUTO_VECTORIZATION = YES;
				GCC_ENABLE_SSE3_EXTENSIONS = YES;
				GCC_ENABLE_SUPPLEMENTAL_SSE3_INSTRUCTIONS = YES;
				GCC_INLINES_ARE_PRIVATE_EXTERN = NO;
				GCC_OPTIMIZATION_LEVEL = 0;
				GCC_SYMBOLS_PRIVATE_EXTERN = NO;
				GCC_WARN_ABOUT_DEPRECATED_FUNCTIONS = YES;
				GCC_WARN_ABOUT_INVALID_OFFSETOF_MACRO = NO;
				GCC_WARN_ALLOW_INCOMPLETE_PROTOCOL = NO;
				GCC_WARN_UNINITIALIZED_AUTOS = NO;
				GCC_WARN_UNUSED_VALUE = NO;
				GCC_WARN_UNUSED_VARIABLE = NO;
				HEADER_SEARCH_PATHS = (
					"$(OF_CORE_HEADERS)",
					src,
					../openFrameworks/addons/ofxCv/libs/ofxCv/include,
					../openFrameworks/addons/ofxCv/libs/CLD/include/CLD,
					../openFrameworks/addons/ofxCv/src,
					../openFrameworks/addons/ofxKinectV2/libs,
					../openFrameworks/addons/ofxKinectV2/libs/libfreenect2,
					../openFrameworks/addons/ofxKinectV2/libs/libfreenect2/include,
					../openFrameworks/addons/ofxKinectV2/libs/libfreenect2/include/internal,
					../openFrameworks/addons/ofxKinectV2/libs/libfreenect2/include/internal/CL,
					../openFrameworks/addons/ofxKinectV2/libs/libfreenect2/include/internal/libfreenect2,
					../openFrameworks/addons/ofxKinectV2/libs/libfreenect2/include/internal/libfreenect2/protocol,
					../openFrameworks/addons/ofxKinectV2/libs/libfreenect2/include/internal/libfreenect2/usb,
					../openFrameworks/addons/ofxKinectV2/libs/libfreenect2/include/libfreenect2,
					../openFrameworks/addons/ofxKinectV2/libs/libfreenect2/src,
					../openFrameworks/addons/ofxKinectV2/libs/libfreenect2/src/shader,
					../openFrameworks/addons/ofxKinectV2/libs/libusb,
					../openFrameworks/addons/ofxKinectV2/libs/libusb/include,
					../openFrameworks/addons/ofxKinectV2/libs/libusb/include/libusb,
					../openFrameworks/addons/ofxKinectV2/libs/libusb/include/libusb/os,
					../openFrameworks/addons/ofxKinectV2/libs/libusb/lib,
					../openFrameworks/addons/ofxKinectV2/libs/libusb/lib/osx,
					../openFrameworks/addons/ofxKinectV2/libs/protonect,
					../openFrameworks/addons/ofxKinectV2/src,
				);
				MACOSX_DEPLOYMENT_TARGET = 10.8;
				ONLY_ACTIVE_ARCH = YES;
				OTHER_CPLUSPLUSFLAGS = (
					"-D__MACOSX_CORE__",
					"-mtune=native",
				);
				OTHER_LDFLAGS = (
					"$(OF_CORE_FRAMEWORKS)",
					"$(OF_CORE_LIBS)",
					"../openFrameworks/addons/ofxKinectV2/libs/libusb/lib/osx/usb-1.0.0-latest-superspeed.a",
				);
				SDKROOT = macosx;
			};
			name = Debug;
		};
		E4B69B4F0A3A1720003C02F2 /* Release */ = {
			isa = XCBuildConfiguration;
			baseConfigurationReference = E4EB6923138AFD0F00A09F29 /* Project.xcconfig */;
			buildSettings = {
				CONFIGURATION_BUILD_DIR = "$(SRCROOT)/bin/";
				COPY_PHASE_STRIP = YES;
				DEAD_CODE_STRIPPING = YES;
				GCC_AUTO_VECTORIZATION = YES;
				GCC_ENABLE_SSE3_EXTENSIONS = YES;
				GCC_ENABLE_SUPPLEMENTAL_SSE3_INSTRUCTIONS = YES;
				GCC_INLINES_ARE_PRIVATE_EXTERN = NO;
				GCC_OPTIMIZATION_LEVEL = 3;
				GCC_SYMBOLS_PRIVATE_EXTERN = NO;
				GCC_UNROLL_LOOPS = YES;
				GCC_WARN_ABOUT_DEPRECATED_FUNCTIONS = YES;
				GCC_WARN_ABOUT_INVALID_OFFSETOF_MACRO = NO;
				GCC_WARN_ALLOW_INCOMPLETE_PROTOCOL = NO;
				GCC_WARN_UNINITIALIZED_AUTOS = NO;
				GCC_WARN_UNUSED_VALUE = NO;
				GCC_WARN_UNUSED_VARIABLE = NO;
				HEADER_SEARCH_PATHS = (
					"$(OF_CORE_HEADERS)",
					src,
					../openFrameworks/addons/ofxCv/libs/ofxCv/include,
					../openFrameworks/addons/ofxCv/libs/CLD/include/CLD,
					../openFrameworks/addons/ofxCv/src,
					../openFrameworks/addons/ofxKinectV2/libs,
					../openFrameworks/addons/ofxKinectV2/libs/libfreenect2,
					../openFrameworks/addons/ofxKinectV2/libs/libfreenect2/include,
					../openFrameworks/addons/ofxKinectV2/libs/libfreenect2/include/internal,
					../openFrameworks/addons/ofxKinectV2/libs/libfreenect2/include/internal/CL,
					../openFrameworks/addons/ofxKinectV2/libs/libfreenect2/include/internal/libfreenect2,
					../openFrameworks/addons/ofxKinectV2/libs/libfreenect2/include/internal/libfreenect2/protocol,
					../openFrameworks/addons/ofxKinectV2/libs/libfreenect2/include/internal/libfreenect2/usb,
					../openFrameworks/addons/ofxKinectV2/libs/libfreenect2/include/libfreenect2,
					../openFrameworks/addons/ofxKinectV2/libs/libfreenect2/src,
					../openFrameworks/addons/ofxKinectV2/libs/libfreenect2/src/shader,
					../openFrameworks/addons/ofxKinectV2/libs/libusb,
					../openFrameworks/addons/ofxKinectV2/libs/libusb/include,
					../openFrameworks/addons/ofxKinectV2/libs/libusb/include/libusb,
					../openFrameworks/addons/ofxKinectV2/libs/libusb/include/libusb/os,
					../openFrameworks/addons/ofxKinectV2/libs/libusb/lib,
					../openFrameworks/addons/ofxKinectV2/libs/libusb/lib/osx,
					../openFrameworks/addons/ofxKinectV2/libs/protonect,
					../openFrameworks/addons/ofxKinectV2/src,
				);
				MACOSX_DEPLOYMENT_TARGET = 10.8;
				OTHER_CPLUSPLUSFLAGS = (
					"-D__MACOSX_CORE__",
					"-mtune=native",
				);
				OTHER_LDFLAGS = (
					"$(OF_CORE_FRAMEWORKS)",
					"$(OF_CORE_LIBS)",
					"../openFrameworks/addons/ofxKinectV2/libs/libusb/lib/osx/usb-1.0.0-latest-superspeed.a",
				);
				SDKROOT = macosx;
			};
			name = Release;
		};
		E4B69B600A3A1757003C02F2 /* Debug */ = {
			isa = XCBuildConfiguration;
			baseConfigurationReference = E4EB6923138AFD0F00A09F29 /* Project.xcconfig */;
			buildSettings = {
				COMBINE_HIDPI_IMAGES = YES;
				COPY_PHASE_STRIP = NO;
				FRAMEWORK_SEARCH_PATHS = (
					"$(inherited)",
					"$(FRAMEWORK_SEARCH_PATHS_QUOTED_FOR_TARGET_1)",
					/System/Library/Frameworks,
				);
				FRAMEWORK_SEARCH_PATHS_QUOTED_FOR_TARGET_1 = "\"$(SRCROOT)/../openFrameworks/libs/glut/lib/osx\"";
				GCC_DYNAMIC_NO_PIC = NO;
				GCC_GENERATE_DEBUGGING_SYMBOLS = YES;
				GCC_MODEL_TUNING = NONE;
				HEADER_SEARCH_PATHS = (
					"$(OF_CORE_HEADERS)",
					src,
					../openFrameworks/addons/ofxCv/libs/ofxCv/include,
					../openFrameworks/addons/ofxCv/libs/CLD/include/CLD,
					../openFrameworks/addons/ofxCv/src,
					"../openFrameworks/addons/ofxKinectV2/libs/**",
					../openFrameworks/addons/ofxKinectV2/src,
					/usr/local/include,
					lib/3rdParty/dlib/include,
					"/usr/local/opt/jpeg-turbo/include",
				);
				ICON = "$(ICON_NAME_DEBUG)";
				ICON_FILE = "$(ICON_FILE_PATH)$(ICON)";
				INFOPLIST_FILE = "openFrameworks-Info.plist";
				INSTALL_PATH = /Applications;
				LIBRARY_SEARCH_PATHS = (
					"$(inherited)",
					"/usr/local/Cellar/opencv3/HEAD-6c12533_4/lib",
					/usr/local/bin,
					/usr/local/lib,
					"/usr/local/Cellar/tbb/4.4-20160916/lib",
					"$(PROJECT_DIR)/lib/3rdParty/dlib/build",
					"/usr/local/opt/jpeg-turbo/lib",
					"/usr/local/Cellar/jpeg-turbo/1.5.0/lib",
					/usr/local/Cellar/dlib/19.1_2/lib,
				);
				OTHER_LDFLAGS = (
					"$(OF_CORE_FRAMEWORKS)",
					"$(OF_CORE_LIBS)",
					"../openFrameworks/addons/ofxKinectV2/libs/libusb/lib/osx/usb-1.0.0-latest-superspeed.a",
				);
				PRODUCT_NAME = "$(TARGET_NAME)Debug";
				WRAPPER_EXTENSION = app;
			};
			name = Debug;
		};
		E4B69B610A3A1757003C02F2 /* Release */ = {
			isa = XCBuildConfiguration;
			baseConfigurationReference = E4EB6923138AFD0F00A09F29 /* Project.xcconfig */;
			buildSettings = {
				COMBINE_HIDPI_IMAGES = YES;
				COPY_PHASE_STRIP = YES;
				FRAMEWORK_SEARCH_PATHS = (
					"$(inherited)",
					"$(FRAMEWORK_SEARCH_PATHS_QUOTED_FOR_TARGET_1)",
					/System/Library/Frameworks,
				);
				FRAMEWORK_SEARCH_PATHS_QUOTED_FOR_TARGET_1 = "\"$(SRCROOT)/../openFrameworks/libs/glut/lib/osx\"";
				GCC_GENERATE_DEBUGGING_SYMBOLS = YES;
				GCC_MODEL_TUNING = NONE;
				HEADER_SEARCH_PATHS = (
					"$(OF_CORE_HEADERS)",
					src,
					../openFrameworks/addons/ofxCv/libs/ofxCv/include,
					../openFrameworks/addons/ofxCv/libs/CLD/include/CLD,
					../openFrameworks/addons/ofxCv/src,
					"../openFrameworks/addons/ofxKinectV2/libs/**",
					../openFrameworks/addons/ofxKinectV2/src,
					/usr/local/include,
					lib/3rdParty/dlib/include,
					"/usr/local/opt/jpeg-turbo/include",
				);
				ICON = "$(ICON_NAME_RELEASE)";
				ICON_FILE = "$(ICON_FILE_PATH)$(ICON)";
				INFOPLIST_FILE = "openFrameworks-Info.plist";
				INSTALL_PATH = /Applications;
				LIBRARY_SEARCH_PATHS = (
					"$(inherited)",
					"/usr/local/Cellar/opencv3/HEAD-6c12533_4/lib",
					/usr/local/bin,
					/usr/local/lib,
					"/usr/local/Cellar/tbb/4.4-20160916/lib",
					"$(PROJECT_DIR)/lib/3rdParty/dlib/build",
					"/usr/local/opt/jpeg-turbo/lib",
					"/usr/local/Cellar/jpeg-turbo/1.5.0/lib",
					/usr/local/Cellar/dlib/19.1_2/lib,
				);
				OTHER_LDFLAGS = (
					"$(OF_CORE_FRAMEWORKS)",
					"$(OF_CORE_LIBS)",
					"../openFrameworks/addons/ofxKinectV2/libs/libusb/lib/osx/usb-1.0.0-latest-superspeed.a",
				);
				PRODUCT_NAME = "$(TARGET_NAME)";
				WRAPPER_EXTENSION = app;
				baseConfigurationReference = E4EB6923138AFD0F00A09F29;
			};
			name = Release;
		};
/* End XCBuildConfiguration section */

/* Begin XCConfigurationList section */
		E4B69B4D0A3A1720003C02F2 /* Build configuration list for PBXProject "ClassDemo" */ = {
			isa = XCConfigurationList;
			buildConfigurations = (
				E4B69B4E0A3A1720003C02F2 /* Debug */,
				E4B69B4F0A3A1720003C02F2 /* Release */,
			);
			defaultConfigurationIsVisible = 0;
			defaultConfigurationName = Release;
		};
		E4B69B5F0A3A1757003C02F2 /* Build configuration list for PBXNativeTarget "ClassDemo" */ = {
			isa = XCConfigurationList;
			buildConfigurations = (
				E4B69B600A3A1757003C02F2 /* Debug */,
				E4B69B610A3A1757003C02F2 /* Release */,
			);
			defaultConfigurationIsVisible = 0;
			defaultConfigurationName = Release;
		};
/* End XCConfigurationList section */
	};
	rootObject = E4B69B4C0A3A1720003C02F2 /* Project object */;
}
